[[package]]
name = "amqp"
version = "5.0.9"
description = "Low-level AMQP client for Python (fork of amqplib)."
category = "main"
optional = false
python-versions = ">=3.6"

[package.dependencies]
vine = "5.0.0"

[[package]]
name = "asgiref"
version = "3.5.0"
description = "ASGI specs, helper code, and adapters"
category = "main"
optional = false
python-versions = ">=3.7"

[package.extras]
tests = ["pytest", "pytest-asyncio", "mypy (>=0.800)"]

[[package]]
name = "async-timeout"
version = "4.0.2"
description = "Timeout context manager for asyncio programs"
category = "main"
optional = false
python-versions = ">=3.6"

[[package]]
name = "beautifulsoup4"
version = "4.10.0"
description = "Screen-scraping library"
category = "main"
optional = false
python-versions = ">3.0.0"

[package.dependencies]
soupsieve = ">1.2"

[package.extras]
html5lib = ["html5lib"]
lxml = ["lxml"]

[[package]]
name = "billiard"
version = "3.6.4.0"
description = "Python multiprocessing fork with improvements and bugfixes"
category = "main"
optional = false
python-versions = "*"

[[package]]
name = "cachetools"
version = "5.0.0"
description = "Extensible memoizing collections and decorators"
category = "main"
optional = false
python-versions = "~=3.7"

[[package]]
name = "celery"
version = "5.2.7"
description = "Distributed Task Queue."
category = "main"
optional = false
python-versions = ">=3.7"

[package.dependencies]
billiard = ">=3.6.4.0,<4.0"
click = ">=8.0.3,<9.0"
click-didyoumean = ">=0.0.3"
click-plugins = ">=1.1.1"
click-repl = ">=0.2.0"
kombu = ">=5.2.3,<6.0"
pytz = ">=2021.3"
vine = ">=5.0.0,<6.0"

[package.extras]
arangodb = ["pyArango (>=1.3.2)"]
auth = ["cryptography"]
azureblockblob = ["azure-storage-blob (==12.9.0)"]
brotli = ["brotli (>=1.0.0)", "brotlipy (>=0.7.0)"]
cassandra = ["cassandra-driver (<3.21.0)"]
consul = ["python-consul2"]
cosmosdbsql = ["pydocumentdb (==2.3.2)"]
couchbase = ["couchbase (>=3.0.0)"]
couchdb = ["pycouchdb"]
django = ["Django (>=1.11)"]
dynamodb = ["boto3 (>=1.9.178)"]
elasticsearch = ["elasticsearch"]
eventlet = ["eventlet (>=0.32.0)"]
gevent = ["gevent (>=1.5.0)"]
librabbitmq = ["librabbitmq (>=1.5.0)"]
memcache = ["pylibmc"]
mongodb = ["pymongo[srv] (>=3.11.1)"]
msgpack = ["msgpack"]
pymemcache = ["python-memcached"]
pyro = ["pyro4"]
pytest = ["pytest-celery"]
redis = ["redis (>=3.4.1,!=4.0.0,!=4.0.1)"]
s3 = ["boto3 (>=1.9.125)"]
slmq = ["softlayer-messaging (>=1.0.3)"]
solar = ["ephem"]
sqlalchemy = ["sqlalchemy"]
sqs = ["kombu"]
tblib = ["tblib (>=1.3.0)", "tblib (>=1.5.0)"]
yaml = ["PyYAML (>=3.10)"]
zookeeper = ["kazoo (>=1.3.1)"]
zstd = ["zstandard"]

[[package]]
name = "certifi"
version = "2021.10.8"
description = "Python package for providing Mozilla's CA Bundle."
category = "main"
optional = false
python-versions = "*"

[[package]]
name = "charset-normalizer"
version = "2.0.11"
description = "The Real First Universal Charset Detector. Open, modern and actively maintained alternative to Chardet."
category = "main"
optional = false
python-versions = ">=3.5.0"

[package.extras]
unicode_backport = ["unicodedata2"]

[[package]]
name = "click"
version = "8.0.3"
description = "Composable command line interface toolkit"
category = "main"
optional = false
python-versions = ">=3.6"

[package.dependencies]
colorama = {version = "*", markers = "platform_system == \"Windows\""}

[[package]]
name = "click-didyoumean"
version = "0.3.0"
description = "Enables git-like *did-you-mean* feature in click"
category = "main"
optional = false
python-versions = ">=3.6.2,<4.0.0"

[package.dependencies]
click = ">=7"

[[package]]
name = "click-plugins"
version = "1.1.1"
description = "An extension module for click to enable registering CLI commands via setuptools entry-points."
category = "main"
optional = false
python-versions = "*"

[package.dependencies]
click = ">=4.0"

[package.extras]
dev = ["pytest (>=3.6)", "pytest-cov", "wheel", "coveralls"]

[[package]]
name = "click-repl"
version = "0.2.0"
description = "REPL plugin for Click"
category = "main"
optional = false
python-versions = "*"

[package.dependencies]
click = "*"
prompt-toolkit = "*"
six = "*"

[[package]]
name = "colorama"
version = "0.4.4"
description = "Cross-platform colored terminal text."
category = "main"
optional = false
python-versions = ">=2.7, !=3.0.*, !=3.1.*, !=3.2.*, !=3.3.*, !=3.4.*"

[[package]]
name = "coreapi"
version = "2.3.3"
description = "Python client library for Core API."
category = "main"
optional = false
python-versions = "*"

[package.dependencies]
coreschema = "*"
itypes = "*"
requests = "*"
uritemplate = "*"

[[package]]
name = "coreschema"
version = "0.0.4"
description = "Core Schema."
category = "main"
optional = false
python-versions = "*"

[package.dependencies]
jinja2 = "*"

[[package]]
name = "coverage"
version = "6.4.1"
description = "Code coverage measurement for Python"
category = "main"
optional = false
python-versions = ">=3.7"

[package.extras]
toml = ["tomli"]

[[package]]
name = "dateutils"
version = "0.6.12"
description = "Various utilities for working with date and datetime objects"
category = "main"
optional = false
python-versions = "*"

[package.dependencies]
python-dateutil = "*"
pytz = "*"

[[package]]
name = "deprecated"
version = "1.2.13"
description = "Python @deprecated decorator to deprecate old python classes, functions or methods."
category = "main"
optional = false
python-versions = ">=2.7, !=3.0.*, !=3.1.*, !=3.2.*, !=3.3.*"

[package.dependencies]
wrapt = ">=1.10,<2"

[package.extras]
dev = ["tox", "bump2version (<1)", "sphinx (<2)", "importlib-metadata (<3)", "importlib-resources (<4)", "configparser (<5)", "sphinxcontrib-websupport (<2)", "zipp (<2)", "PyTest (<5)", "PyTest-Cov (<2.6)", "pytest", "pytest-cov"]

[[package]]
name = "django"
version = "3.2.13"
description = "A high-level Python Web framework that encourages rapid development and clean, pragmatic design."
category = "main"
optional = false
python-versions = ">=3.6"

[package.dependencies]
asgiref = ">=3.3.2,<4"
pytz = "*"
sqlparse = ">=0.2.2"

[package.extras]
argon2 = ["argon2-cffi (>=19.1.0)"]
bcrypt = ["bcrypt"]

[[package]]
name = "django-auth-ldap"
version = "4.1.0"
description = "Django LDAP authentication backend."
category = "main"
optional = false
python-versions = ">=3.7"

[package.dependencies]
Django = ">=2.2"
python-ldap = ">=3.1"

[[package]]
name = "django-cachalot"
version = "2.5.1"
description = "Caches your Django ORM queries and automatically invalidates them."
category = "main"
optional = false
python-versions = "*"

[package.dependencies]
Django = ">=2.2,<4.1"

[[package]]
name = "django-celery-beat"
version = "2.3.0"
description = "Database-backed Periodic Tasks."
category = "main"
optional = false
python-versions = "*"

[package.dependencies]
celery = ">=5.2.3,<6.0"
Django = ">=2.2,<4.1"
django-timezone-field = ">=5.0"
python-crontab = ">=2.3.4"
tzdata = "*"

[[package]]
name = "django-celery-results"
version = "2.4.0"
description = "Celery result backends for Django."
category = "main"
optional = false
python-versions = "*"

[package.dependencies]
celery = ">=5.2.3,<6.0"

[[package]]
name = "django-cleanup"
version = "6.0.0"
description = "Deletes old files."
category = "main"
optional = false
python-versions = "*"

[[package]]
name = "django-dbbackup"
version = "3.3.0"
description = "Management commands to help backup and restore a project database and media"
category = "main"
optional = false
python-versions = "*"

[package.dependencies]
Django = ">=1.5"
pytz = "*"
six = "*"

[[package]]
name = "django-filter"
version = "22.1"
description = "Django-filter is a reusable Django application for allowing users to filter querysets dynamically."
category = "main"
optional = false
python-versions = ">=3.7"

[package.dependencies]
Django = ">=3.2"

[[package]]
name = "django-fsm"
version = "2.8.0"
description = "Django friendly finite state machine support."
category = "main"
optional = false
python-versions = "*"

[[package]]
name = "django-guardian"
version = "2.4.0"
description = "Implementation of per object permissions for Django."
category = "main"
optional = false
python-versions = ">=3.5"

[package.dependencies]
Django = ">=2.2"

[[package]]
name = "django-mysql"
version = "4.7.0"
description = "Django-MySQL extends Django's built-in MySQL and MariaDB support their specific features not available on other databases."
category = "main"
optional = false
python-versions = ">=3.7"

[package.dependencies]
Django = ">=3.2"

[[package]]
name = "django-node-assets"
version = "0.9.11"
description = "The Django application that allows install and serve assets via Node.js package manager infrastructure."
category = "main"
optional = false
python-versions = "*"

[[package]]
name = "django-redis"
version = "5.2.0"
description = "Full featured redis cache backend for Django."
category = "main"
optional = false
python-versions = ">=3.6"

[package.dependencies]
Django = ">=2.2"
redis = ">=3,<4.0.0 || >4.0.0,<4.0.1 || >4.0.1"

[package.extras]
hiredis = ["redis[hiredis] (>=3,!=4.0.0,!=4.0.1)"]

[[package]]
name = "django-tables2"
version = "2.4.1"
description = "Table/data-grid framework for Django"
category = "main"
optional = false
python-versions = "*"

[package.dependencies]
Django = ">=1.11"

[package.extras]
tablib = ["tablib"]

[[package]]
name = "django-taggit"
version = "3.0.0"
description = "django-taggit is a reusable Django application for simple tagging."
category = "main"
optional = false
python-versions = ">=3.6"

[package.dependencies]
Django = ">=3.2"

[[package]]
name = "django-tempus-dominus"
version = "5.1.2.17"
description = "A Django widget for the Tempus Dominus Bootstrap 4 DateTime picker."
category = "main"
optional = false
python-versions = "*"

[package.dependencies]
django = "*"

[[package]]
name = "django-timezone-field"
version = "5.0"
description = "A Django app providing DB, form, and REST framework fields for zoneinfo and pytz timezone objects."
category = "main"
optional = false
python-versions = ">=3.7,<4.0"

[package.dependencies]
pytz = "*"

[[package]]
name = "djangorestframework"
version = "3.13.1"
description = "Web APIs for Django, made easy."
category = "main"
optional = false
python-versions = ">=3.6"

[package.dependencies]
django = ">=2.2"
pytz = "*"

[[package]]
name = "drf-yasg"
version = "1.20.0"
description = "Automated generation of real Swagger/OpenAPI 2.0 schemas from Django Rest Framework code."
category = "main"
optional = false
python-versions = ">=3.6"

[package.dependencies]
coreapi = ">=2.3.3"
coreschema = ">=0.0.4"
Django = ">=2.2.16"
djangorestframework = ">=3.10.3"
inflection = ">=0.3.1"
packaging = "*"
"ruamel.yaml" = ">=0.15.34"
uritemplate = ">=3.0.0"

[package.extras]
validation = ["swagger-spec-validator (>=2.1.0)"]

[[package]]
name = "ghp-import"
version = "2.0.2"
description = "Copy your docs directly to the gh-pages branch."
category = "main"
optional = false
python-versions = "*"

[package.dependencies]
python-dateutil = ">=2.8.1"

[package.extras]
dev = ["twine", "markdown", "flake8", "wheel"]

[[package]]
name = "gitdb"
version = "4.0.9"
description = "Git Object Database"
category = "main"
optional = false
python-versions = ">=3.6"

[package.dependencies]
smmap = ">=3.0.1,<6"

[[package]]
name = "gitpython"
version = "3.1.27"
description = "GitPython is a python library used to interact with Git repositories"
category = "main"
optional = false
python-versions = ">=3.7"

[package.dependencies]
gitdb = ">=4.0.1,<5"

[[package]]
name = "graphviz"
version = "0.20"
description = "Simple Python interface for Graphviz"
category = "main"
optional = false
python-versions = ">=3.7"

[package.extras]
dev = ["tox (>=3)", "flake8", "pep8-naming", "wheel", "twine"]
docs = ["sphinx (>=4)", "sphinx-autodoc-typehints", "sphinx-rtd-theme"]
test = ["pytest (>=7)", "pytest-mock (>=3)", "mock (>=4)", "pytest-cov", "coverage"]

[[package]]
name = "gunicorn"
version = "20.1.0"
description = "WSGI HTTP Server for UNIX"
category = "main"
optional = false
python-versions = ">=3.5"

[package.extras]
eventlet = ["eventlet (>=0.24.1)"]
gevent = ["gevent (>=1.4.0)"]
setproctitle = ["setproctitle"]
tornado = ["tornado (>=0.2)"]

[[package]]
name = "idna"
version = "3.3"
description = "Internationalized Domain Names in Applications (IDNA)"
category = "main"
optional = false
python-versions = ">=3.5"

[[package]]
name = "importlib-metadata"
version = "4.10.1"
description = "Read metadata from Python packages"
category = "main"
optional = false
python-versions = ">=3.7"

[package.dependencies]
zipp = ">=0.5"

[package.extras]
docs = ["sphinx", "jaraco.packaging (>=8.2)", "rst.linker (>=1.9)"]
perf = ["ipython"]
testing = ["pytest (>=6)", "pytest-checkdocs (>=2.4)", "pytest-flake8", "pytest-cov", "pytest-enabler (>=1.0.1)", "packaging", "pyfakefs", "flufl.flake8", "pytest-perf (>=0.9.2)", "pytest-black (>=0.3.7)", "pytest-mypy", "importlib-resources (>=1.3)"]

[[package]]
name = "inflection"
version = "0.5.1"
description = "A port of Ruby on Rails inflector to Python"
category = "main"
optional = false
python-versions = ">=3.5"

[[package]]
name = "itypes"
version = "1.2.0"
description = "Simple immutable types for python."
category = "main"
optional = false
python-versions = "*"

[[package]]
name = "jinja2"
version = "3.0.3"
description = "A very fast and expressive template engine."
category = "main"
optional = false
python-versions = ">=3.6"

[package.dependencies]
MarkupSafe = ">=2.0"

[package.extras]
i18n = ["Babel (>=2.7)"]

[[package]]
name = "kombu"
version = "5.2.3"
description = "Messaging library for Python."
category = "main"
optional = false
python-versions = ">=3.7"

[package.dependencies]
amqp = ">=5.0.9,<6.0.0"
vine = "*"

[package.extras]
azureservicebus = ["azure-servicebus (>=7.0.0)"]
azurestoragequeues = ["azure-storage-queue"]
consul = ["python-consul (>=0.6.0)"]
librabbitmq = ["librabbitmq (>=2.0.0)"]
mongodb = ["pymongo (>=3.3.0,<3.12.1)"]
msgpack = ["msgpack"]
pyro = ["pyro4"]
qpid = ["qpid-python (>=0.26)", "qpid-tools (>=0.26)"]
redis = ["redis (>=3.4.1,!=4.0.0,!=4.0.1)"]
slmq = ["softlayer-messaging (>=1.0.3)"]
sqlalchemy = ["sqlalchemy"]
sqs = ["boto3 (>=1.9.12)", "pycurl (>=7.44.1,<7.45.0)", "urllib3 (>=1.26.7)"]
yaml = ["PyYAML (>=3.10)"]
zookeeper = ["kazoo (>=1.3.1)"]

[[package]]
name = "markdown"
version = "3.3.7"
description = "Python implementation of Markdown."
category = "main"
optional = false
python-versions = ">=3.6"

[package.extras]
testing = ["coverage", "pyyaml"]

[[package]]
name = "markupsafe"
version = "2.0.1"
description = "Safely add untrusted strings to HTML/XML markup."
category = "main"
optional = false
python-versions = ">=3.6"

[[package]]
name = "martor"
version = "1.6.7"
description = "Django Markdown Editor"
category = "main"
optional = false
python-versions = "*"

[package.dependencies]
Django = "*"
Markdown = "*"
requests = "*"

[[package]]
name = "mergedeep"
version = "1.3.4"
description = "A deep merge function for 🐍."
category = "main"
optional = false
python-versions = ">=3.6"

[[package]]
name = "mike"
version = "1.1.2"
description = "Manage multiple versions of your MkDocs-powered documentation"
category = "main"
optional = false
python-versions = "*"

[package.dependencies]
jinja2 = "*"
mkdocs = ">=1.0"
pyyaml = ">=5.1"
verspec = "*"

[package.extras]
dev = ["coverage", "flake8 (>=3.0)", "shtab"]
test = ["coverage", "flake8 (>=3.0)", "shtab"]

[[package]]
name = "mkdocs"
version = "1.3.0"
description = "Project documentation with Markdown."
category = "main"
optional = false
python-versions = ">=3.6"

[package.dependencies]
click = ">=3.3"
ghp-import = ">=1.0"
importlib-metadata = ">=4.3"
Jinja2 = ">=2.10.2"
Markdown = ">=3.2.1"
mergedeep = ">=1.3.4"
packaging = ">=20.5"
PyYAML = ">=3.10"
pyyaml-env-tag = ">=0.1"
watchdog = ">=2.0"

[package.extras]
i18n = ["babel (>=2.9.0)"]

[[package]]
name = "mkdocs-material"
version = "8.3.9"
description = "Documentation that simply works"
category = "main"
optional = false
python-versions = ">=3.7"

[package.dependencies]
jinja2 = ">=3.0.2"
markdown = ">=3.2"
mkdocs = ">=1.3.0"
mkdocs-material-extensions = ">=1.0.3"
pygments = ">=2.12"
pymdown-extensions = ">=9.4"

[[package]]
name = "mkdocs-material-extensions"
version = "1.0.3"
description = "Extension pack for Python Markdown."
category = "main"
optional = false
python-versions = ">=3.6"

[[package]]
name = "mysqlclient"
version = "2.1.1"
description = "Python interface to MySQL"
category = "main"
optional = false
python-versions = ">=3.5"

[[package]]
name = "packaging"
version = "21.3"
description = "Core utilities for Python packages"
category = "main"
optional = false
python-versions = ">=3.6"

[package.dependencies]
pyparsing = ">=2.0.2,<3.0.5 || >3.0.5"

[[package]]
name = "pillow"
version = "9.2.0"
description = "Python Imaging Library (Fork)"
category = "main"
optional = false
python-versions = ">=3.7"

[package.extras]
docs = ["furo", "olefile", "sphinx (>=2.4)", "sphinx-copybutton", "sphinx-issues (>=3.0.1)", "sphinx-removed-in", "sphinxext-opengraph"]
tests = ["check-manifest", "coverage", "defusedxml", "markdown2", "olefile", "packaging", "pyroma", "pytest", "pytest-cov", "pytest-timeout"]

[[package]]
name = "prometheus-client"
version = "0.14.1"
description = "Python client for the Prometheus monitoring system."
category = "main"
optional = false
python-versions = ">=3.6"

[package.extras]
twisted = ["twisted"]

[[package]]
name = "prompt-toolkit"
version = "3.0.27"
description = "Library for building powerful interactive command lines in Python"
category = "main"
optional = false
python-versions = ">=3.6.2"

[package.dependencies]
wcwidth = "*"

[[package]]
name = "pyasn1"
version = "0.4.8"
description = "ASN.1 types and codecs"
category = "main"
optional = false
python-versions = "*"

[[package]]
name = "pyasn1-modules"
version = "0.2.8"
description = "A collection of ASN.1-based protocols modules."
category = "main"
optional = false
python-versions = "*"

[package.dependencies]
pyasn1 = ">=0.4.6,<0.5.0"

[[package]]
name = "pygments"
version = "2.12.0"
description = "Pygments is a syntax highlighting package written in Python."
category = "main"
optional = false
python-versions = ">=3.6"

[[package]]
name = "pymdown-extensions"
version = "9.5"
description = "Extension pack for Python Markdown."
category = "main"
optional = false
python-versions = ">=3.7"

[package.dependencies]
markdown = ">=3.2"

[[package]]
name = "pyparsing"
version = "3.0.7"
description = "Python parsing module"
category = "main"
optional = false
python-versions = ">=3.6"

[package.extras]
diagrams = ["jinja2", "railroad-diagrams"]

[[package]]
name = "python-crontab"
version = "2.6.0"
description = "Python Crontab API"
category = "main"
optional = false
python-versions = "*"

[package.dependencies]
python-dateutil = "*"

[package.extras]
cron-description = ["cron-descriptor"]
cron-schedule = ["croniter"]

[[package]]
name = "python-dateutil"
version = "2.8.2"
description = "Extensions to the standard Python datetime module"
category = "main"
optional = false
python-versions = "!=3.0.*,!=3.1.*,!=3.2.*,>=2.7"

[package.dependencies]
six = ">=1.5"

[[package]]
name = "python-ldap"
version = "3.4.0"
description = "Python modules for implementing LDAP clients"
category = "main"
optional = false
python-versions = ">=3.6"

[package.dependencies]
pyasn1 = ">=0.3.7"
pyasn1_modules = ">=0.1.5"

[[package]]
name = "pytz"
version = "2021.3"
description = "World timezone definitions, modern and historical"
category = "main"
optional = false
python-versions = "*"

[[package]]
name = "pyyaml"
version = "6.0"
description = "YAML parser and emitter for Python"
category = "main"
optional = false
python-versions = ">=3.6"

[[package]]
name = "pyyaml-env-tag"
version = "0.1"
description = "A custom YAML tag for referencing environment variables in YAML files. "
category = "main"
optional = false
python-versions = ">=3.6"

[package.dependencies]
pyyaml = "*"

[[package]]
name = "redis"
version = "4.3.4"
description = "Python client for Redis database and key-value store"
category = "main"
optional = false
python-versions = ">=3.6"

[package.dependencies]
async-timeout = ">=4.0.2"
deprecated = ">=1.2.3"
packaging = ">=20.4"

[package.extras]
hiredis = ["hiredis (>=1.0.0)"]
ocsp = ["cryptography (>=36.0.1)", "pyopenssl (==20.0.1)", "requests (>=2.26.0)"]

[[package]]
name = "requests"
version = "2.27.1"
description = "Python HTTP for Humans."
category = "main"
optional = false
python-versions = ">=2.7, !=3.0.*, !=3.1.*, !=3.2.*, !=3.3.*, !=3.4.*, !=3.5.*"

[package.dependencies]
certifi = ">=2017.4.17"
charset-normalizer = {version = ">=2.0.0,<2.1.0", markers = "python_version >= \"3\""}
idna = {version = ">=2.5,<4", markers = "python_version >= \"3\""}
urllib3 = ">=1.21.1,<1.27"

[package.extras]
socks = ["PySocks (>=1.5.6,!=1.5.7)", "win-inet-pton"]
use_chardet_on_py3 = ["chardet (>=3.0.2,<5)"]

[[package]]
name = "ruamel.yaml"
version = "0.17.20"
description = "ruamel.yaml is a YAML parser/emitter that supports roundtrip preservation of comments, seq/map flow style, and map key order"
category = "main"
optional = false
python-versions = ">=3"

[package.dependencies]
"ruamel.yaml.clib" = {version = ">=0.2.6", markers = "platform_python_implementation == \"CPython\" and python_version < \"3.11\""}

[package.extras]
docs = ["ryd"]
jinja2 = ["ruamel.yaml.jinja2 (>=0.2)"]

[[package]]
name = "ruamel.yaml.clib"
version = "0.2.6"
description = "C version of reader, parser and emitter for ruamel.yaml derived from libyaml"
category = "main"
optional = false
python-versions = ">=3.5"

[[package]]
name = "six"
version = "1.16.0"
description = "Python 2 and 3 compatibility utilities"
category = "main"
optional = false
python-versions = ">=2.7, !=3.0.*, !=3.1.*, !=3.2.*"

[[package]]
name = "smmap"
version = "5.0.0"
description = "A pure Python implementation of a sliding window memory map manager"
category = "main"
optional = false
python-versions = ">=3.6"

[[package]]
name = "soupsieve"
version = "2.3.1"
description = "A modern CSS selector implementation for Beautiful Soup."
category = "main"
optional = false
python-versions = ">=3.6"

[[package]]
name = "sqlparse"
version = "0.4.2"
description = "A non-validating SQL parser."
category = "main"
optional = false
python-versions = ">=3.5"

[[package]]
name = "towerlib"
version = "3.9.2"
description = "A python library to interface with ansible tower's (awx) api."
category = "main"
optional = false
python-versions = "*"

[package.dependencies]
beautifulsoup4 = ">=4.10.0"
cachetools = ">=3.1.1"
dateutils = ">=0.6.12"
requests = ">=2.26.0"

[[package]]
name = "tzdata"
version = "2022.1"
description = "Provider of IANA time zone data"
category = "main"
optional = false
python-versions = ">=2"

[[package]]
name = "uritemplate"
version = "4.1.1"
description = "Implementation of RFC 6570 URI Templates"
category = "main"
optional = false
python-versions = ">=3.6"

[[package]]
name = "urllib3"
version = "1.26.8"
description = "HTTP library with thread-safe connection pooling, file post, and more."
category = "main"
optional = false
python-versions = ">=2.7, !=3.0.*, !=3.1.*, !=3.2.*, !=3.3.*, !=3.4.*, <4"

[package.extras]
brotli = ["brotlipy (>=0.6.0)"]
secure = ["pyOpenSSL (>=0.14)", "cryptography (>=1.3.4)", "idna (>=2.0.0)", "certifi", "ipaddress"]
socks = ["PySocks (>=1.5.6,!=1.5.7,<2.0)"]

[[package]]
name = "verspec"
version = "0.1.0"
description = "Flexible version handling"
category = "main"
optional = false
python-versions = "*"

[package.extras]
test = ["coverage", "flake8 (>=3.7)", "mypy", "pretend", "pytest"]

[[package]]
name = "vine"
version = "5.0.0"
description = "Promises, promises, promises."
category = "main"
optional = false
python-versions = ">=3.6"

[[package]]
name = "watchdog"
version = "2.1.6"
description = "Filesystem events monitoring"
category = "main"
optional = false
python-versions = ">=3.6"

[package.extras]
watchmedo = ["PyYAML (>=3.10)"]

[[package]]
name = "wcwidth"
version = "0.2.5"
description = "Measures the displayed width of unicode strings in a terminal"
category = "main"
optional = false
python-versions = "*"

[[package]]
name = "wrapt"
version = "1.13.3"
description = "Module for decorators, wrappers and monkey patching."
category = "main"
optional = false
python-versions = "!=3.0.*,!=3.1.*,!=3.2.*,!=3.3.*,!=3.4.*,>=2.7"

[[package]]
name = "zipp"
version = "3.7.0"
description = "Backport of pathlib-compatible object wrapper for zip files"
category = "main"
optional = false
python-versions = ">=3.7"

[package.extras]
docs = ["sphinx", "jaraco.packaging (>=8.2)", "rst.linker (>=1.9)"]
testing = ["pytest (>=6)", "pytest-checkdocs (>=2.4)", "pytest-flake8", "pytest-cov", "pytest-enabler (>=1.0.1)", "jaraco.itertools", "func-timeout", "pytest-black (>=0.3.7)", "pytest-mypy"]

[metadata]
lock-version = "1.1"
python-versions = "^3.10"
content-hash = "ab29630ca0324dd977cf315e1c3fa75b59a573675f4b4f3b868db2fd788e3f20"

[metadata.files]
amqp = []
asgiref = []
async-timeout = []
beautifulsoup4 = []
billiard = []
cachetools = []
celery = []
certifi = []
charset-normalizer = []
click = []
click-didyoumean = []
click-plugins = []
click-repl = []
colorama = []
coreapi = []
coreschema = []
coverage = []
dateutils = []
deprecated = []
django = []
django-auth-ldap = []
django-cachalot = []
django-celery-beat = []
django-celery-results = []
django-cleanup = []
django-dbbackup = []
django-filter = []
django-fsm = []
django-guardian = []
django-mysql = []
django-node-assets = []
django-redis = []
django-tables2 = []
django-taggit = []
django-tempus-dominus = []
django-timezone-field = []
djangorestframework = []
drf-yasg = []
ghp-import = []
gitdb = []
gitpython = []
graphviz = []
gunicorn = []
idna = [
    {file = "idna-3.3-py3-none-any.whl", hash = "sha256:84d9dd047ffa80596e0f246e2eab0b391788b0503584e8945f2368256d2735ff"},
    {file = "idna-3.3.tar.gz", hash = "sha256:9d643ff0a55b762d5cdb124b8eaa99c66322e2157b69160bc32796e824360e6d"},
]
importlib-metadata = []
inflection = []
itypes = []
jinja2 = []
kombu = []
markdown = []
markupsafe = []
martor = []
mergedeep = []
mike = []
mkdocs = []
mkdocs-material = []
mkdocs-material-extensions = []
mysqlclient = []
packaging = []
pillow = []
prometheus-client = []
prompt-toolkit = []
pyasn1 = []
pyasn1-modules = []
pygments = []
pymdown-extensions = []
pyparsing = []
python-crontab = []
python-dateutil = []
python-ldap = []
pytz = []
pyyaml = [
    {file = "PyYAML-6.0-cp310-cp310-macosx_10_9_x86_64.whl", hash = "sha256:d4db7c7aef085872ef65a8fd7d6d09a14ae91f691dec3e87ee5ee0539d516f53"},
    {file = "PyYAML-6.0-cp310-cp310-macosx_11_0_arm64.whl", hash = "sha256:9df7ed3b3d2e0ecfe09e14741b857df43adb5a3ddadc919a2d94fbdf78fea53c"},
    {file = "PyYAML-6.0-cp310-cp310-manylinux_2_17_aarch64.manylinux2014_aarch64.whl", hash = "sha256:77f396e6ef4c73fdc33a9157446466f1cff553d979bd00ecb64385760c6babdc"},
    {file = "PyYAML-6.0-cp310-cp310-manylinux_2_17_s390x.manylinux2014_s390x.whl", hash = "sha256:a80a78046a72361de73f8f395f1f1e49f956c6be882eed58505a15f3e430962b"},
    {file = "PyYAML-6.0-cp310-cp310-manylinux_2_5_x86_64.manylinux1_x86_64.manylinux_2_12_x86_64.manylinux2010_x86_64.whl", hash = "sha256:f84fbc98b019fef2ee9a1cb3ce93e3187a6df0b2538a651bfb890254ba9f90b5"},
    {file = "PyYAML-6.0-cp310-cp310-win32.whl", hash = "sha256:2cd5df3de48857ed0544b34e2d40e9fac445930039f3cfe4bcc592a1f836d513"},
    {file = "PyYAML-6.0-cp310-cp310-win_amd64.whl", hash = "sha256:daf496c58a8c52083df09b80c860005194014c3698698d1a57cbcfa182142a3a"},
    {file = "PyYAML-6.0-cp36-cp36m-macosx_10_9_x86_64.whl", hash = "sha256:897b80890765f037df3403d22bab41627ca8811ae55e9a722fd0392850ec4d86"},
    {file = "PyYAML-6.0-cp36-cp36m-manylinux_2_17_aarch64.manylinux2014_aarch64.whl", hash = "sha256:50602afada6d6cbfad699b0c7bb50d5ccffa7e46a3d738092afddc1f9758427f"},
    {file = "PyYAML-6.0-cp36-cp36m-manylinux_2_17_s390x.manylinux2014_s390x.whl", hash = "sha256:48c346915c114f5fdb3ead70312bd042a953a8ce5c7106d5bfb1a5254e47da92"},
    {file = "PyYAML-6.0-cp36-cp36m-manylinux_2_5_x86_64.manylinux1_x86_64.manylinux_2_12_x86_64.manylinux2010_x86_64.whl", hash = "sha256:98c4d36e99714e55cfbaaee6dd5badbc9a1ec339ebfc3b1f52e293aee6bb71a4"},
    {file = "PyYAML-6.0-cp36-cp36m-win32.whl", hash = "sha256:0283c35a6a9fbf047493e3a0ce8d79ef5030852c51e9d911a27badfde0605293"},
    {file = "PyYAML-6.0-cp36-cp36m-win_amd64.whl", hash = "sha256:07751360502caac1c067a8132d150cf3d61339af5691fe9e87803040dbc5db57"},
    {file = "PyYAML-6.0-cp37-cp37m-macosx_10_9_x86_64.whl", hash = "sha256:819b3830a1543db06c4d4b865e70ded25be52a2e0631ccd2f6a47a2822f2fd7c"},
    {file = "PyYAML-6.0-cp37-cp37m-manylinux_2_17_aarch64.manylinux2014_aarch64.whl", hash = "sha256:473f9edb243cb1935ab5a084eb238d842fb8f404ed2193a915d1784b5a6b5fc0"},
    {file = "PyYAML-6.0-cp37-cp37m-manylinux_2_17_s390x.manylinux2014_s390x.whl", hash = "sha256:0ce82d761c532fe4ec3f87fc45688bdd3a4c1dc5e0b4a19814b9009a29baefd4"},
    {file = "PyYAML-6.0-cp37-cp37m-manylinux_2_5_x86_64.manylinux1_x86_64.manylinux_2_12_x86_64.manylinux2010_x86_64.whl", hash = "sha256:231710d57adfd809ef5d34183b8ed1eeae3f76459c18fb4a0b373ad56bedcdd9"},
    {file = "PyYAML-6.0-cp37-cp37m-win32.whl", hash = "sha256:c5687b8d43cf58545ade1fe3e055f70eac7a5a1a0bf42824308d868289a95737"},
    {file = "PyYAML-6.0-cp37-cp37m-win_amd64.whl", hash = "sha256:d15a181d1ecd0d4270dc32edb46f7cb7733c7c508857278d3d378d14d606db2d"},
    {file = "PyYAML-6.0-cp38-cp38-macosx_10_9_x86_64.whl", hash = "sha256:0b4624f379dab24d3725ffde76559cff63d9ec94e1736b556dacdfebe5ab6d4b"},
    {file = "PyYAML-6.0-cp38-cp38-manylinux_2_17_aarch64.manylinux2014_aarch64.whl", hash = "sha256:213c60cd50106436cc818accf5baa1aba61c0189ff610f64f4a3e8c6726218ba"},
    {file = "PyYAML-6.0-cp38-cp38-manylinux_2_17_s390x.manylinux2014_s390x.whl", hash = "sha256:9fa600030013c4de8165339db93d182b9431076eb98eb40ee068700c9c813e34"},
    {file = "PyYAML-6.0-cp38-cp38-manylinux_2_5_x86_64.manylinux1_x86_64.manylinux_2_12_x86_64.manylinux2010_x86_64.whl", hash = "sha256:277a0ef2981ca40581a47093e9e2d13b3f1fbbeffae064c1d21bfceba2030287"},
    {file = "PyYAML-6.0-cp38-cp38-win32.whl", hash = "sha256:d4eccecf9adf6fbcc6861a38015c2a64f38b9d94838ac1810a9023a0609e1b78"},
    {file = "PyYAML-6.0-cp38-cp38-win_amd64.whl", hash = "sha256:1e4747bc279b4f613a09eb64bba2ba602d8a6664c6ce6396a4d0cd413a50ce07"},
    {file = "PyYAML-6.0-cp39-cp39-macosx_10_9_x86_64.whl", hash = "sha256:055d937d65826939cb044fc8c9b08889e8c743fdc6a32b33e2390f66013e449b"},
    {file = "PyYAML-6.0-cp39-cp39-macosx_11_0_arm64.whl", hash = "sha256:e61ceaab6f49fb8bdfaa0f92c4b57bcfbea54c09277b1b4f7ac376bfb7a7c174"},
    {file = "PyYAML-6.0-cp39-cp39-manylinux_2_17_aarch64.manylinux2014_aarch64.whl", hash = "sha256:d67d839ede4ed1b28a4e8909735fc992a923cdb84e618544973d7dfc71540803"},
    {file = "PyYAML-6.0-cp39-cp39-manylinux_2_17_s390x.manylinux2014_s390x.whl", hash = "sha256:cba8c411ef271aa037d7357a2bc8f9ee8b58b9965831d9e51baf703280dc73d3"},
    {file = "PyYAML-6.0-cp39-cp39-manylinux_2_5_x86_64.manylinux1_x86_64.manylinux_2_12_x86_64.manylinux2010_x86_64.whl", hash = "sha256:40527857252b61eacd1d9af500c3337ba8deb8fc298940291486c465c8b46ec0"},
    {file = "PyYAML-6.0-cp39-cp39-win32.whl", hash = "sha256:b5b9eccad747aabaaffbc6064800670f0c297e52c12754eb1d976c57e4f74dcb"},
    {file = "PyYAML-6.0-cp39-cp39-win_amd64.whl", hash = "sha256:b3d267842bf12586ba6c734f89d1f5b871df0273157918b0ccefa29deb05c21c"},
    {file = "PyYAML-6.0.tar.gz", hash = "sha256:68fb519c14306fec9720a2a5b45bc9f0c8d1b9c72adf45c37baedfcd949c35a2"},
]
pyyaml-env-tag = []
redis = []
requests = []
"ruamel.yaml" = []
"ruamel.yaml.clib" = []
six = [
    {file = "six-1.16.0-py2.py3-none-any.whl", hash = "sha256:8abb2f1d86890a2dfb989f9a77cfcfd3e47c2a354b01111771326f8aa26e0254"},
    {file = "six-1.16.0.tar.gz", hash = "sha256:1e61c37477a1626458e36f7b1d82aa5c9b094fa4802892072e49de9c60c4c926"},
]
smmap = []
soupsieve = []
sqlparse = []
towerlib = []
tzdata = []
uritemplate = []
urllib3 = []
verspec = []
vine = []
watchdog = []
wcwidth = []
wrapt = []
zipp = []
